// !$*UTF8*$!
{
	archiveVersion = 1;
	classes = {
	};
	objectVersion = 46;
	objects = {

/* Begin PBXBuildFile section */
		520C07371D336CC900C910AC /* AppDelegate.swift in Sources */ = {isa = PBXBuildFile; fileRef = 520C07361D336CC900C910AC /* AppDelegate.swift */; };
		520C073E1D336CC900C910AC /* Assets.xcassets in Resources */ = {isa = PBXBuildFile; fileRef = 520C073D1D336CC900C910AC /* Assets.xcassets */; };
		520C074C1D336CC900C910AC /* MYWeiBoTests.swift in Sources */ = {isa = PBXBuildFile; fileRef = 520C074B1D336CC900C910AC /* MYWeiBoTests.swift */; };
		520C075D1D33780100C910AC /* DiscoverTableViewController.swift in Sources */ = {isa = PBXBuildFile; fileRef = 520C075C1D33780100C910AC /* DiscoverTableViewController.swift */; };
		520C075F1D33781A00C910AC /* HomeTableViewController.swift in Sources */ = {isa = PBXBuildFile; fileRef = 520C075E1D33781A00C910AC /* HomeTableViewController.swift */; };
		520C07611D33782F00C910AC /* MeTableViewController.swift in Sources */ = {isa = PBXBuildFile; fileRef = 520C07601D33782F00C910AC /* MeTableViewController.swift */; };
		520C07631D33785400C910AC /* MessageTableViewController.swift in Sources */ = {isa = PBXBuildFile; fileRef = 520C07621D33785400C910AC /* MessageTableViewController.swift */; };
		520C07651D3378D700C910AC /* WBTabBarViewController.swift in Sources */ = {isa = PBXBuildFile; fileRef = 520C07641D3378D700C910AC /* WBTabBarViewController.swift */; };
		527697281D35DA0400EF0F7C /* MainVCSettings.json in Resources */ = {isa = PBXBuildFile; fileRef = 527697261D35DA0400EF0F7C /* MainVCSettings.json */; };
		5276972B1D35E06D00EF0F7C /* NullTableViewController.swift in Sources */ = {isa = PBXBuildFile; fileRef = 5276972A1D35E06D00EF0F7C /* NullTableViewController.swift */; };
		5276972D1D35EA1E00EF0F7C /* BaseTableViewController.swift in Sources */ = {isa = PBXBuildFile; fileRef = 5276972C1D35EA1E00EF0F7C /* BaseTableViewController.swift */; };
		5276972F1D3612D000EF0F7C /* VisitorView.swift in Sources */ = {isa = PBXBuildFile; fileRef = 5276972E1D3612D000EF0F7C /* VisitorView.swift */; };
		527697321D361B2100EF0F7C /* UIView+Layout.swift in Sources */ = {isa = PBXBuildFile; fileRef = 527697311D361B2100EF0F7C /* UIView+Layout.swift */; };
		527697351D3633E500EF0F7C /* UIView+AutoLayout.swift in Sources */ = {isa = PBXBuildFile; fileRef = 527697341D3633E500EF0F7C /* UIView+AutoLayout.swift */; };
		529975091D37384300CF856B /* UIBarButtonItem+Button.swift in Sources */ = {isa = PBXBuildFile; fileRef = 529975081D37384300CF856B /* UIBarButtonItem+Button.swift */; };
		5299756D1D3774CF00CF856B /* TitleButton.swift in Sources */ = {isa = PBXBuildFile; fileRef = 5299756C1D3774CF00CF856B /* TitleButton.swift */; };
		6FE7EBA61D3B761400CD1557 /* Popcover in Resources */ = {isa = PBXBuildFile; fileRef = 6FE7EBA51D3B761400CD1557 /* Popcover */; };
/* End PBXBuildFile section */

/* Begin PBXContainerItemProxy section */
		520C07481D336CC900C910AC /* PBXContainerItemProxy */ = {
			isa = PBXContainerItemProxy;
			containerPortal = 520C072B1D336CC900C910AC /* Project object */;
			proxyType = 1;
			remoteGlobalIDString = 520C07321D336CC900C910AC;
			remoteInfo = MYWeiBo;
		};
/* End PBXContainerItemProxy section */

/* Begin PBXFileReference section */
		520C07331D336CC900C910AC /* MYWeiBo.app */ = {isa = PBXFileReference; explicitFileType = wrapper.application; includeInIndex = 0; path = MYWeiBo.app; sourceTree = BUILT_PRODUCTS_DIR; };
		520C07361D336CC900C910AC /* AppDelegate.swift */ = {isa = PBXFileReference; lastKnownFileType = sourcecode.swift; path = AppDelegate.swift; sourceTree = "<group>"; };
		520C073D1D336CC900C910AC /* Assets.xcassets */ = {isa = PBXFileReference; lastKnownFileType = folder.assetcatalog; path = Assets.xcassets; sourceTree = "<group>"; };
		520C07421D336CC900C910AC /* Info.plist */ = {isa = PBXFileReference; lastKnownFileType = text.plist.xml; path = Info.plist; sourceTree = "<group>"; };
		520C07471D336CC900C910AC /* MYWeiBoTests.xctest */ = {isa = PBXFileReference; explicitFileType = wrapper.cfbundle; includeInIndex = 0; path = MYWeiBoTests.xctest; sourceTree = BUILT_PRODUCTS_DIR; };
		520C074B1D336CC900C910AC /* MYWeiBoTests.swift */ = {isa = PBXFileReference; lastKnownFileType = sourcecode.swift; path = MYWeiBoTests.swift; sourceTree = "<group>"; };
		520C074D1D336CC900C910AC /* Info.plist */ = {isa = PBXFileReference; lastKnownFileType = text.plist.xml; path = Info.plist; sourceTree = "<group>"; };
		520C075C1D33780100C910AC /* DiscoverTableViewController.swift */ = {isa = PBXFileReference; fileEncoding = 4; lastKnownFileType = sourcecode.swift; path = DiscoverTableViewController.swift; sourceTree = "<group>"; };
		520C075E1D33781A00C910AC /* HomeTableViewController.swift */ = {isa = PBXFileReference; fileEncoding = 4; lastKnownFileType = sourcecode.swift; path = HomeTableViewController.swift; sourceTree = "<group>"; };
		520C07601D33782F00C910AC /* MeTableViewController.swift */ = {isa = PBXFileReference; fileEncoding = 4; lastKnownFileType = sourcecode.swift; path = MeTableViewController.swift; sourceTree = "<group>"; };
		520C07621D33785400C910AC /* MessageTableViewController.swift */ = {isa = PBXFileReference; fileEncoding = 4; lastKnownFileType = sourcecode.swift; path = MessageTableViewController.swift; sourceTree = "<group>"; };
		520C07641D3378D700C910AC /* WBTabBarViewController.swift */ = {isa = PBXFileReference; fileEncoding = 4; lastKnownFileType = sourcecode.swift; path = WBTabBarViewController.swift; sourceTree = "<group>"; };
		527697261D35DA0400EF0F7C /* MainVCSettings.json */ = {isa = PBXFileReference; fileEncoding = 4; lastKnownFileType = text.json; path = MainVCSettings.json; sourceTree = "<group>"; };
		5276972A1D35E06D00EF0F7C /* NullTableViewController.swift */ = {isa = PBXFileReference; fileEncoding = 4; lastKnownFileType = sourcecode.swift; path = NullTableViewController.swift; sourceTree = "<group>"; };
		5276972C1D35EA1E00EF0F7C /* BaseTableViewController.swift */ = {isa = PBXFileReference; fileEncoding = 4; lastKnownFileType = sourcecode.swift; path = BaseTableViewController.swift; sourceTree = "<group>"; };
		5276972E1D3612D000EF0F7C /* VisitorView.swift */ = {isa = PBXFileReference; fileEncoding = 4; lastKnownFileType = sourcecode.swift; path = VisitorView.swift; sourceTree = "<group>"; };
		527697311D361B2100EF0F7C /* UIView+Layout.swift */ = {isa = PBXFileReference; fileEncoding = 4; lastKnownFileType = sourcecode.swift; path = "UIView+Layout.swift"; sourceTree = "<group>"; };
		527697341D3633E500EF0F7C /* UIView+AutoLayout.swift */ = {isa = PBXFileReference; fileEncoding = 4; lastKnownFileType = sourcecode.swift; path = "UIView+AutoLayout.swift"; sourceTree = "<group>"; };
		529975081D37384300CF856B /* UIBarButtonItem+Button.swift */ = {isa = PBXFileReference; fileEncoding = 4; lastKnownFileType = sourcecode.swift; path = "UIBarButtonItem+Button.swift"; sourceTree = "<group>"; };
		5299756C1D3774CF00CF856B /* TitleButton.swift */ = {isa = PBXFileReference; fileEncoding = 4; lastKnownFileType = sourcecode.swift; path = TitleButton.swift; sourceTree = "<group>"; };
		6FE7EBA51D3B761400CD1557 /* Popcover */ = {isa = PBXFileReference; lastKnownFileType = folder; path = Popcover; sourceTree = "<group>"; };
/* End PBXFileReference section */

/* Begin PBXFrameworksBuildPhase section */
		520C07301D336CC900C910AC /* Frameworks */ = {
			isa = PBXFrameworksBuildPhase;
			buildActionMask = 2147483647;
			files = (
			);
			runOnlyForDeploymentPostprocessing = 0;
		};
		520C07441D336CC900C910AC /* Frameworks */ = {
			isa = PBXFrameworksBuildPhase;
			buildActionMask = 2147483647;
			files = (
			);
			runOnlyForDeploymentPostprocessing = 0;
		};
/* End PBXFrameworksBuildPhase section */

/* Begin PBXGroup section */
		520C072A1D336CC900C910AC = {
			isa = PBXGroup;
			children = (
				520C07351D336CC900C910AC /* MYWeiBo */,
				520C074A1D336CC900C910AC /* MYWeiBoTests */,
				520C07341D336CC900C910AC /* Products */,
			);
			sourceTree = "<group>";
		};
		520C07341D336CC900C910AC /* Products */ = {
			isa = PBXGroup;
			children = (
				520C07331D336CC900C910AC /* MYWeiBo.app */,
				520C07471D336CC900C910AC /* MYWeiBoTests.xctest */,
			);
			name = Products;
			sourceTree = "<group>";
		};
		520C07351D336CC900C910AC /* MYWeiBo */ = {
			isa = PBXGroup;
			children = (
				520C07561D33776C00C910AC /* classes */,
				520C07361D336CC900C910AC /* AppDelegate.swift */,
				520C073D1D336CC900C910AC /* Assets.xcassets */,
				520C07421D336CC900C910AC /* Info.plist */,
			);
			path = MYWeiBo;
			sourceTree = "<group>";
		};
		520C074A1D336CC900C910AC /* MYWeiBoTests */ = {
			isa = PBXGroup;
			children = (
				520C074B1D336CC900C910AC /* MYWeiBoTests.swift */,
				520C074D1D336CC900C910AC /* Info.plist */,
			);
			path = MYWeiBoTests;
			sourceTree = "<group>";
		};
		520C07561D33776C00C910AC /* classes */ = {
			isa = PBXGroup;
			children = (
				529975071D37378B00CF856B /* Common */,
				527697331D3633D200EF0F7C /* Tools */,
				527697301D361AD700EF0F7C /* Category */,
				520C075B1D33779700C910AC /* Main */,
				520C07571D33776C00C910AC /* Discover */,
				520C07581D33776C00C910AC /* Home */,
				520C07591D33776C00C910AC /* Me */,
				520C075A1D33776C00C910AC /* Message */,
			);
			path = classes;
			sourceTree = "<group>";
		};
		520C07571D33776C00C910AC /* Discover */ = {
			isa = PBXGroup;
			children = (
				520C075C1D33780100C910AC /* DiscoverTableViewController.swift */,
			);
			path = Discover;
			sourceTree = "<group>";
		};
		520C07581D33776C00C910AC /* Home */ = {
			isa = PBXGroup;
			children = (
				6FE7EBA51D3B761400CD1557 /* Popcover */,
				520C075E1D33781A00C910AC /* HomeTableViewController.swift */,
			);
			path = Home;
			sourceTree = "<group>";
		};
		520C07591D33776C00C910AC /* Me */ = {
			isa = PBXGroup;
			children = (
				520C07601D33782F00C910AC /* MeTableViewController.swift */,
			);
			path = Me;
			sourceTree = "<group>";
		};
		520C075A1D33776C00C910AC /* Message */ = {
			isa = PBXGroup;
			children = (
				520C07621D33785400C910AC /* MessageTableViewController.swift */,
			);
			path = Message;
			sourceTree = "<group>";
		};
		520C075B1D33779700C910AC /* Main */ = {
			isa = PBXGroup;
			children = (
				527697251D35D9CF00EF0F7C /* Ressource */,
				520C07641D3378D700C910AC /* WBTabBarViewController.swift */,
				5276972A1D35E06D00EF0F7C /* NullTableViewController.swift */,
				5276972C1D35EA1E00EF0F7C /* BaseTableViewController.swift */,
				5276972E1D3612D000EF0F7C /* VisitorView.swift */,
			);
			path = Main;
			sourceTree = "<group>";
		};
		527697251D35D9CF00EF0F7C /* Ressource */ = {
			isa = PBXGroup;
			children = (
				527697261D35DA0400EF0F7C /* MainVCSettings.json */,
			);
			path = Ressource;
			sourceTree = "<group>";
		};
		527697301D361AD700EF0F7C /* Category */ = {
			isa = PBXGroup;
			children = (
				527697311D361B2100EF0F7C /* UIView+Layout.swift */,
				529975081D37384300CF856B /* UIBarButtonItem+Button.swift */,
			);
			path = Category;
			sourceTree = "<group>";
		};
		527697331D3633D200EF0F7C /* Tools */ = {
			isa = PBXGroup;
			children = (
				527697341D3633E500EF0F7C /* UIView+AutoLayout.swift */,
			);
			path = Tools;
			sourceTree = "<group>";
		};
		529975071D37378B00CF856B /* Common */ = {
			isa = PBXGroup;
			children = (
				5299756C1D3774CF00CF856B /* TitleButton.swift */,
			);
			path = Common;
			sourceTree = "<group>";
		};
/* End PBXGroup section */

/* Begin PBXNativeTarget section */
		520C07321D336CC900C910AC /* MYWeiBo */ = {
			isa = PBXNativeTarget;
			buildConfigurationList = 520C07501D336CC900C910AC /* Build configuration list for PBXNativeTarget "MYWeiBo" */;
			buildPhases = (
				520C072F1D336CC900C910AC /* Sources */,
				520C07301D336CC900C910AC /* Frameworks */,
				520C07311D336CC900C910AC /* Resources */,
			);
			buildRules = (
			);
			dependencies = (
			);
			name = MYWeiBo;
			productName = MYWeiBo;
			productReference = 520C07331D336CC900C910AC /* MYWeiBo.app */;
			productType = "com.apple.product-type.application";
		};
		520C07461D336CC900C910AC /* MYWeiBoTests */ = {
			isa = PBXNativeTarget;
			buildConfigurationList = 520C07531D336CC900C910AC /* Build configuration list for PBXNativeTarget "MYWeiBoTests" */;
			buildPhases = (
				520C07431D336CC900C910AC /* Sources */,
				520C07441D336CC900C910AC /* Frameworks */,
				520C07451D336CC900C910AC /* Resources */,
			);
			buildRules = (
			);
			dependencies = (
				520C07491D336CC900C910AC /* PBXTargetDependency */,
			);
			name = MYWeiBoTests;
			productName = MYWeiBoTests;
			productReference = 520C07471D336CC900C910AC /* MYWeiBoTests.xctest */;
			productType = "com.apple.product-type.bundle.unit-test";
		};
/* End PBXNativeTarget section */

/* Begin PBXProject section */
		520C072B1D336CC900C910AC /* Project object */ = {
			isa = PBXProject;
			attributes = {
				LastSwiftUpdateCheck = 0730;
				LastUpgradeCheck = 0730;
				ORGANIZATIONNAME = Y;
				TargetAttributes = {
					520C07321D336CC900C910AC = {
						CreatedOnToolsVersion = 7.3.1;
					};
					520C07461D336CC900C910AC = {
						CreatedOnToolsVersion = 7.3.1;
						TestTargetID = 520C07321D336CC900C910AC;
					};
				};
			};
			buildConfigurationList = 520C072E1D336CC900C910AC /* Build configuration list for PBXProject "MYWeiBo" */;
			compatibilityVersion = "Xcode 3.2";
			developmentRegion = English;
			hasScannedForEncodings = 0;
			knownRegions = (
				en,
				Base,
			);
			mainGroup = 520C072A1D336CC900C910AC;
			productRefGroup = 520C07341D336CC900C910AC /* Products */;
			projectDirPath = "";
			projectRoot = "";
			targets = (
				520C07321D336CC900C910AC /* MYWeiBo */,
				520C07461D336CC900C910AC /* MYWeiBoTests */,
			);
		};
/* End PBXProject section */

/* Begin PBXResourcesBuildPhase section */
		520C07311D336CC900C910AC /* Resources */ = {
			isa = PBXResourcesBuildPhase;
			buildActionMask = 2147483647;
			files = (
				6FE7EBA61D3B761400CD1557 /* Popcover in Resources */,
				527697281D35DA0400EF0F7C /* MainVCSettings.json in Resources */,
				520C073E1D336CC900C910AC /* Assets.xcassets in Resources */,
			);
			runOnlyForDeploymentPostprocessing = 0;
		};
		520C07451D336CC900C910AC /* Resources */ = {
			isa = PBXResourcesBuildPhase;
			buildActionMask = 2147483647;
			files = (
			);
			runOnlyForDeploymentPostprocessing = 0;
		};
/* End PBXResourcesBuildPhase section */

/* Begin PBXSourcesBuildPhase section */
		520C072F1D336CC900C910AC /* Sources */ = {
			isa = PBXSourcesBuildPhase;
			buildActionMask = 2147483647;
			files = (
				529975091D37384300CF856B /* UIBarButtonItem+Button.swift in Sources */,
				520C075F1D33781A00C910AC /* HomeTableViewController.swift in Sources */,
				5276972B1D35E06D00EF0F7C /* NullTableViewController.swift in Sources */,
				5276972D1D35EA1E00EF0F7C /* BaseTableViewController.swift in Sources */,
				520C07611D33782F00C910AC /* MeTableViewController.swift in Sources */,
				527697321D361B2100EF0F7C /* UIView+Layout.swift in Sources */,
				520C075D1D33780100C910AC /* DiscoverTableViewController.swift in Sources */,
				520C07631D33785400C910AC /* MessageTableViewController.swift in Sources */,
				5276972F1D3612D000EF0F7C /* VisitorView.swift in Sources */,
				520C07651D3378D700C910AC /* WBTabBarViewController.swift in Sources */,
				527697351D3633E500EF0F7C /* UIView+AutoLayout.swift in Sources */,
				5299756D1D3774CF00CF856B /* TitleButton.swift in Sources */,
				520C07371D336CC900C910AC /* AppDelegate.swift in Sources */,
			);
			runOnlyForDeploymentPostprocessing = 0;
		};
		520C07431D336CC900C910AC /* Sources */ = {
			isa = PBXSourcesBuildPhase;
			buildActionMask = 2147483647;
			files = (
				520C074C1D336CC900C910AC /* MYWeiBoTests.swift in Sources */,
			);
			runOnlyForDeploymentPostprocessing = 0;
		};
/* End PBXSourcesBuildPhase section */

/* Begin PBXTargetDependency section */
		520C07491D336CC900C910AC /* PBXTargetDependency */ = {
			isa = PBXTargetDependency;
			target = 520C07321D336CC900C910AC /* MYWeiBo */;
			targetProxy = 520C07481D336CC900C910AC /* PBXContainerItemProxy */;
		};
/* End PBXTargetDependency section */

/* Begin XCBuildConfiguration section */
		520C074E1D336CC900C910AC /* Debug */ = {
			isa = XCBuildConfiguration;
			buildSettings = {
				ALWAYS_SEARCH_USER_PATHS = NO;
				CLANG_ANALYZER_NONNULL = YES;
				CLANG_CXX_LANGUAGE_STANDARD = "gnu++0x";
				CLANG_CXX_LIBRARY = "libc++";
				CLANG_ENABLE_MODULES = YES;
				CLANG_ENABLE_OBJC_ARC = YES;
				CLANG_WARN_BOOL_CONVERSION = YES;
				CLANG_WARN_CONSTANT_CONVERSION = YES;
				CLANG_WARN_DIRECT_OBJC_ISA_USAGE = YES_ERROR;
				CLANG_WARN_EMPTY_BODY = YES;
				CLANG_WARN_ENUM_CONVERSION = YES;
				CLANG_WARN_INT_CONVERSION = YES;
				CLANG_WARN_OBJC_ROOT_CLASS = YES_ERROR;
				CLANG_WARN_UNREACHABLE_CODE = YES;
				CLANG_WARN__DUPLICATE_METHOD_MATCH = YES;
				"CODE_SIGN_IDENTITY[sdk=iphoneos*]" = "iPhone Developer";
				COPY_PHASE_STRIP = NO;
				DEBUG_INFORMATION_FORMAT = dwarf;
				ENABLE_STRICT_OBJC_MSGSEND = YES;
				ENABLE_TESTABILITY = YES;
				GCC_C_LANGUAGE_STANDARD = gnu99;
				GCC_DYNAMIC_NO_PIC = NO;
				GCC_NO_COMMON_BLOCKS = YES;
				GCC_OPTIMIZATION_LEVEL = 0;
				GCC_PREPROCESSOR_DEFINITIONS = (
					"DEBUG=1",
					"$(inherited)",
				);
				GCC_WARN_64_TO_32_BIT_CONVERSION = YES;
				GCC_WARN_ABOUT_RETURN_TYPE = YES_ERROR;
				GCC_WARN_UNDECLARED_SELECTOR = YES;
				GCC_WARN_UNINITIALIZED_AUTOS = YES_AGGRESSIVE;
				GCC_WARN_UNUSED_FUNCTION = YES;
				GCC_WARN_UNUSED_VARIABLE = YES;
				IPHONEOS_DEPLOYMENT_TARGET = 9.3;
				MTL_ENABLE_DEBUG_INFO = YES;
				ONLY_ACTIVE_ARCH = YES;
				SDKROOT = iphoneos;
				SWIFT_OPTIMIZATION_LEVEL = "-Onone";
			};
			name = Debug;
		};
		520C074F1D336CC900C910AC /* Release */ = {
			isa = XCBuildConfiguration;
			buildSettings = {
				ALWAYS_SEARCH_USER_PATHS = NO;
				CLANG_ANALYZER_NONNULL = YES;
				CLANG_CXX_LANGUAGE_STANDARD = "gnu++0x";
				CLANG_CXX_LIBRARY = "libc++";
				CLANG_ENABLE_MODULES = YES;
				CLANG_ENABLE_OBJC_ARC = YES;
				CLANG_WARN_BOOL_CONVERSION = YES;
				CLANG_WARN_CONSTANT_CONVERSION = YES;
				CLANG_WARN_DIRECT_OBJC_ISA_USAGE = YES_ERROR;
				CLANG_WARN_EMPTY_BODY = YES;
				CLANG_WARN_ENUM_CONVERSION = YES;
				CLANG_WARN_INT_CONVERSION = YES;
				CLANG_WARN_OBJC_ROOT_CLASS = YES_ERROR;
				CLANG_WARN_UNREACHABLE_CODE = YES;
				CLANG_WARN__DUPLICATE_METHOD_MATCH = YES;
				"CODE_SIGN_IDENTITY[sdk=iphoneos*]" = "iPhone Developer";
				COPY_PHASE_STRIP = NO;
				DEBUG_INFORMATION_FORMAT = "dwarf-with-dsym";
				ENABLE_NS_ASSERTIONS = NO;
				ENABLE_STRICT_OBJC_MSGSEND = YES;
				GCC_C_LANGUAGE_STANDARD = gnu99;
				GCC_NO_COMMON_BLOCKS = YES;
				GCC_WARN_64_TO_32_BIT_CONVERSION = YES;
				GCC_WARN_ABOUT_RETURN_TYPE = YES_ERROR;
				GCC_WARN_UNDECLARED_SELECTOR = YES;
				GCC_WARN_UNINITIALIZED_AUTOS = YES_AGGRESSIVE;
				GCC_WARN_UNUSED_FUNCTION = YES;
				GCC_WARN_UNUSED_VARIABLE = YES;
				IPHONEOS_DEPLOYMENT_TARGET = 9.3;
				MTL_ENABLE_DEBUG_INFO = NO;
				SDKROOT = iphoneos;
				VALIDATE_PRODUCT = YES;
			};
			name = Release;
		};
		520C07511D336CC900C910AC /* Debug */ = {
			isa = XCBuildConfiguration;
			buildSettings = {
				ASSETCATALOG_COMPILER_APPICON_NAME = AppIcon;
				ASSETCATALOG_COMPILER_LAUNCHIMAGE_NAME = LaunchImage;
				CODE_SIGN_IDENTITY = "iPhone Developer";
				"CODE_SIGN_IDENTITY[sdk=iphoneos*]" = "iPhone Developer";
				INFOPLIST_FILE = MYWeiBo/Info.plist;
				LD_RUNPATH_SEARCH_PATHS = "$(inherited) @executable_path/Frameworks";
				PRODUCT_BUNDLE_IDENTIFIER = Y.MYWeiBo;
				PRODUCT_NAME = "$(TARGET_NAME)";
				PROVISIONING_PROFILE = "";
			};
			name = Debug;
		};
		520C07521D336CC900C910AC /* Release */ = {
			isa = XCBuildConfiguration;
			buildSettings = {
				ASSETCATALOG_COMPILER_APPICON_NAME = AppIcon;
				ASSETCATALOG_COMPILER_LAUNCHIMAGE_NAME = LaunchImage;
				CODE_SIGN_IDENTITY = "iPhone Developer";
				"CODE_SIGN_IDENTITY[sdk=iphoneos*]" = "iPhone Developer";
				INFOPLIST_FILE = MYWeiBo/Info.plist;
				LD_RUNPATH_SEARCH_PATHS = "$(inherited) @executable_path/Frameworks";
				PRODUCT_BUNDLE_IDENTIFIER = Y.MYWeiBo;
				PRODUCT_NAME = "$(TARGET_NAME)";
				PROVISIONING_PROFILE = "";
			};
			name = Release;
		};
		520C07541D336CC900C910AC /* Debug */ = {
			isa = XCBuildConfiguration;
			buildSettings = {
				BUNDLE_LOADER = "$(TEST_HOST)";
				INFOPLIST_FILE = MYWeiBoTests/Info.plist;
				LD_RUNPATH_SEARCH_PATHS = "$(inherited) @executable_path/Frameworks @loader_path/Frameworks";
				PRODUCT_BUNDLE_IDENTIFIER = Y.MYWeiBoTests;
				PRODUCT_NAME = "$(TARGET_NAME)";
				TEST_HOST = "$(BUILT_PRODUCTS_DIR)/MYWeiBo.app/MYWeiBo";
			};
			name = Debug;
		};
		520C07551D336CC900C910AC /* Release */ = {
			isa = XCBuildConfiguration;
			buildSettings = {
				BUNDLE_LOADER = "$(TEST_HOST)";
				INFOPLIST_FILE = MYWeiBoTests/Info.plist;
				LD_RUNPATH_SEARCH_PATHS = "$(inherited) @executable_path/Frameworks @loader_path/Frameworks";
				PRODUCT_BUNDLE_IDENTIFIER = Y.MYWeiBoTests;
				PRODUCT_NAME = "$(TARGET_NAME)";
				TEST_HOST = "$(BUILT_PRODUCTS_DIR)/MYWeiBo.app/MYWeiBo";
			};
			name = Release;
		};
/* End XCBuildConfiguration section */

/* Begin XCConfigurationList section */
		520C072E1D336CC900C910AC /* Build configuration list for PBXProject "MYWeiBo" */ = {
			isa = XCConfigurationList;
			buildConfigurations = (
				520C074E1D336CC900C910AC /* Debug */,
				520C074F1D336CC900C910AC /* Release */,
			);
			defaultConfigurationIsVisible = 0;
			defaultConfigurationName = Release;
		};
		520C07501D336CC900C910AC /* Build configuration list for PBXNativeTarget "MYWeiBo" */ = {
			isa = XCConfigurationList;
			buildConfigurations = (
				520C07511D336CC900C910AC /* Debug */,
				520C07521D336CC900C910AC /* Release */,
			);
			defaultConfigurationIsVisible = 0;
			defaultConfigurationName = Release;
		};
		520C07531D336CC900C910AC /* Build configuration list for PBXNativeTarget "MYWeiBoTests" */ = {
			isa = XCConfigurationList;
			buildConfigurations = (
				520C07541D336CC900C910AC /* Debug */,
				520C07551D336CC900C910AC /* Release */,
			);
			defaultConfigurationIsVisible = 0;
			defaultConfigurationName = Release;
		};
/* End XCConfigurationList section */
	};
	rootObject = 520C072B1D336CC900C910AC /* Project object */;
}
